
Microsoft Visual Studio Solution File, Format Version 12.00
# Visual Studio Version 17
VisualStudioVersion = 17.14.36414.22
MinimumVisualStudioVersion = 10.0.40219.1
Project("{2150E333-8FDC-42A3-9474-1A3956D46DE8}") = "Task0", "Task0", "{36D591C7-65C7-A0D1-1CBC-10CDE441BDC8}"
EndProject
Project("{FAE04EC0-301F-11D3-BF4B-00C04F79EFBC}") = "Tyuiu.LazutinVS.Sprint4.Task0.V8", "Tyuiu.LazutinVS.Sprint4.Task0.V8\Tyuiu.LazutinVS.Sprint4.Task0.V8.csproj", "{C2751DFF-0981-4A66-A0C8-3C974A3D98CC}"
EndProject
Project("{FAE04EC0-301F-11D3-BF4B-00C04F79EFBC}") = "Tyuiu.LazutinVS.Sprint4.Task0.V8.Lib", "Tyuiu.LazutinVS.Sprint4.Task0.V8.Lib\Tyuiu.LazutinVS.Sprint4.Task0.V8.Lib.csproj", "{DFD89256-756C-4C06-B9EC-5FB8046C1B4E}"
EndProject
Project("{FAE04EC0-301F-11D3-BF4B-00C04F79EFBC}") = "Tyuiu.LazutinVS.Sprint4.Task0.V8.Test", "Tyuiu.LazutinVS.Sprint4.Task0.V8.Test\Tyuiu.LazutinVS.Sprint4.Task0.V8.Test.csproj", "{0DE7CACC-48E8-4B0D-B496-56DC316AA531}"
EndProject
Project("{2150E333-8FDC-42A3-9474-1A3956D46DE8}") = "Task1", "Task1", "{E6D97220-BDA4-4749-8C2D-70537A572CEF}"
EndProject
Project("{FAE04EC0-301F-11D3-BF4B-00C04F79EFBC}") = "Tyuiu.LazutinVS.Sprint4.Task1.V19", "Tyuiu.LazutinVS.Sprint4.Task1.V19\Tyuiu.LazutinVS.Sprint4.Task1.V19.csproj", "{C983D6A1-94E6-4AFE-AE89-F00B8CA9A94B}"
EndProject
Project("{FAE04EC0-301F-11D3-BF4B-00C04F79EFBC}") = "Tyuiu.LazutinVS.Sprint4.Task1.V19.Test", "Tyuiu.LazutinVS.Sprint4.Task1.V19.Test\Tyuiu.LazutinVS.Sprint4.Task1.V19.Test.csproj", "{7FC6D608-3B03-4295-9FE8-C89EC1AB9972}"
EndProject
Project("{FAE04EC0-301F-11D3-BF4B-00C04F79EFBC}") = "Tyuiu.LazutinVS.Sprint4.Task1.V19.Lib", "Tyuiu.LazutinVS.Sprint4.Task1.V19.Lib\Tyuiu.LazutinVS.Sprint4.Task1.V19.Lib.csproj", "{1994E148-33A4-4B28-BF8B-09E9C0E9EACC}"
EndProject
Project("{2150E333-8FDC-42A3-9474-1A3956D46DE8}") = "Task2", "Task2", "{D6354025-2DA6-4FA0-8B1F-B8CAD88F70ED}"
EndProject
Project("{FAE04EC0-301F-11D3-BF4B-00C04F79EFBC}") = "Tyuiu.LazutinVS.Sprint4.Task2.V20", "Tyuiu.LazutinVS.Sprint4.Task2.V20\Tyuiu.LazutinVS.Sprint4.Task2.V20.csproj", "{9740E8EF-0FB3-4851-9C0A-2812F3C83608}"
EndProject
Project("{FAE04EC0-301F-11D3-BF4B-00C04F79EFBC}") = "Tyuiu.LazutinVS.Sprint4.Task2.V20.Lib", "Tyuiu.LazutinVS.Sprint4.Task2.V20.Lib\Tyuiu.LazutinVS.Sprint4.Task2.V20.Lib.csproj", "{E0279F41-E0AE-48FF-9F8D-46C35686B826}"
EndProject
Project("{FAE04EC0-301F-11D3-BF4B-00C04F79EFBC}") = "Tyuiu.LazutinVS.Sprint4.Task2.V20.Test", "Tyuiu.LazutinVS.Sprint4.Task2.V20.Test\Tyuiu.LazutinVS.Sprint4.Task2.V20.Test.csproj", "{E29F00CE-80A5-495D-B38D-2329D21C40B5}"
EndProject
Project("{2150E333-8FDC-42A3-9474-1A3956D46DE8}") = "Task3", "Task3", "{A820AE36-AF08-4E9A-9090-49A706D17676}"
EndProject
Project("{FAE04EC0-301F-11D3-BF4B-00C04F79EFBC}") = "Tyuiu.LazutinVS.Sprint4.Task3.V25", "Tyuiu.LazutinVS.Sprint4.Task3.V25\Tyuiu.LazutinVS.Sprint4.Task3.V25.csproj", "{A36EC038-4EC0-4730-83FD-47D82B34B127}"
EndProject
Project("{FAE04EC0-301F-11D3-BF4B-00C04F79EFBC}") = "Tyuiu.LazutinVS.Sprint4.Task3.V25.Lib", "Tyuiu.LazutinVS.Sprint4.Task3.V25.Lib\Tyuiu.LazutinVS.Sprint4.Task3.V25.Lib.csproj", "{0FBDE413-9B64-4BC4-B058-61A5091EF334}"
EndProject
Project("{FAE04EC0-301F-11D3-BF4B-00C04F79EFBC}") = "Tyuiu.LazutinVS.Sprint4.Task3.V25.Test", "Tyuiu.LazutinVS.Sprint4.Task3.V25.Test\Tyuiu.LazutinVS.Sprint4.Task3.V25.Test.csproj", "{04E7A206-FCDA-42E1-9E13-94A7A80D6835}"
EndProject
Project("{2150E333-8FDC-42A3-9474-1A3956D46DE8}") = "Task4", "Task4", "{DC1751FD-1000-43FF-9ACE-3B4A176C6B5F}"
EndProject
Project("{FAE04EC0-301F-11D3-BF4B-00C04F79EFBC}") = "Tyuiu.LazutinVS.Sprint4.Task4.V19", "Tyuiu.LazutinVS.Sprint4.Task4.V19\Tyuiu.LazutinVS.Sprint4.Task4.V19.csproj", "{73084C77-9232-485A-8C83-20A7CB499F09}"
EndProject
Project("{FAE04EC0-301F-11D3-BF4B-00C04F79EFBC}") = "Tyuiu.LazutinVS.Sprint4.Task4.V19.Test", "Tyuiu.LazutinVS.Sprint4.Task4.V19.Test\Tyuiu.LazutinVS.Sprint4.Task4.V19.Test.csproj", "{2695EE40-DC41-4A90-985A-84F93F8E1182}"
EndProject
Project("{FAE04EC0-301F-11D3-BF4B-00C04F79EFBC}") = "Tyuiu.LazutinVS.Sprint4.Task4.V19.Lib", "Tyuiu.LazutinVS.Sprint4.Task4.V19.Lib\Tyuiu.LazutinVS.Sprint4.Task4.V19.Lib.csproj", "{0050F925-DCD0-46E6-991E-5EE64BE5726C}"
EndProject
Project("{2150E333-8FDC-42A3-9474-1A3956D46DE8}") = "Task5", "Task5", "{E2111092-8C66-40C7-88FF-7220F3581F15}"
EndProject
Project("{FAE04EC0-301F-11D3-BF4B-00C04F79EFBC}") = "Tyuiu.LazutinVS.Sprint4.Task5.V7", "Tyuiu.LazutinVS.Sprint4.Task5.V7\Tyuiu.LazutinVS.Sprint4.Task5.V7.csproj", "{8521C749-DA4B-4DFF-8124-B1B4FE23C698}"
EndProject
Project("{FAE04EC0-301F-11D3-BF4B-00C04F79EFBC}") = "Tyuiu.LazutinVS.Sprint4.Task5.V7.Lib", "Tyuiu.LazutinVS.Sprint4.Task5.V7.Lib\Tyuiu.LazutinVS.Sprint4.Task5.V7.Lib.csproj", "{7A045CD3-C838-4AD9-86CF-21B2D4A3417F}"
EndProject
Project("{FAE04EC0-301F-11D3-BF4B-00C04F79EFBC}") = "Tyuiu.LazutinVS.Sprint4.Task5.V7.Test", "Tyuiu.LazutinVS.Sprint4.Task5.V7.Test\Tyuiu.LazutinVS.Sprint4.Task5.V7.Test.csproj", "{498B4EAF-6D48-4178-9107-A6DECF234DF8}"
EndProject
Project("{2150E333-8FDC-42A3-9474-1A3956D46DE8}") = "Task6", "Task6", "{4D2C86A5-0AF9-412B-BC29-164EE6B0B4CC}"
EndProject
Project("{FAE04EC0-301F-11D3-BF4B-00C04F79EFBC}") = "Tyuiu.LazutinVS.Sprint4.Task6.V19", "Tyuiu.LazutinVS.Sprint4.Task6.V19\Tyuiu.LazutinVS.Sprint4.Task6.V19.csproj", "{8F292C46-EE1F-4D24-9DF2-570B687C5C5D}"
EndProject
Project("{FAE04EC0-301F-11D3-BF4B-00C04F79EFBC}") = "Tyuiu.LazutinVS.Sprint4.Task6.V19.Test", "Tyuiu.LazutinVS.Sprint4.Task6.V19.Test\Tyuiu.LazutinVS.Sprint4.Task6.V19.Test.csproj", "{2D8EB267-7AB7-4003-A4EE-4DD0A1070018}"
EndProject
Project("{FAE04EC0-301F-11D3-BF4B-00C04F79EFBC}") = "Tyuiu.LazutinVS.Sprint4.Task6.V19.Lib", "Tyuiu.LazutinVS.Sprint4.Task6.V19.Lib\Tyuiu.LazutinVS.Sprint4.Task6.V19.Lib.csproj", "{E2375E0D-2045-434F-9023-9A3CB160D15C}"
EndProject
Project("{2150E333-8FDC-42A3-9474-1A3956D46DE8}") = "Task7", "Task7", "{F93EEF26-0E98-4F29-A504-C6F73CB3348E}"
EndProject
Project("{FAE04EC0-301F-11D3-BF4B-00C04F79EFBC}") = "Tyuiu.LazutinVS.Sprint4.Task7.V26", "Tyuiu.LazutinVS.Sprint4.Task7.V26\Tyuiu.LazutinVS.Sprint4.Task7.V26.csproj", "{04C7407A-41AB-49B9-8EE9-24E404277FE5}"
EndProject
Project("{FAE04EC0-301F-11D3-BF4B-00C04F79EFBC}") = "Tyuiu.LazutinVS.Sprint4.Task7.V26.Lib", "Tyuiu.LazutinVS.Sprint4.Task7.V26.Lib\Tyuiu.LazutinVS.Sprint4.Task7.V26.Lib.csproj", "{0F9836AB-D46E-4030-A560-7F251407FE2E}"
EndProject
Project("{FAE04EC0-301F-11D3-BF4B-00C04F79EFBC}") = "Tyuiu.LazutinVS.Sprint4.Task7.V26.Test", "Tyuiu.LazutinVS.Sprint4.Task7.V26.Test\Tyuiu.LazutinVS.Sprint4.Task7.V26.Test.csproj", "{EDD786B3-16CE-46F4-8533-6225E362F865}"
EndProject
Global
	GlobalSection(SolutionConfigurationPlatforms) = preSolution
		Debug|Any CPU = Debug|Any CPU
		Release|Any CPU = Release|Any CPU
	EndGlobalSection
	GlobalSection(ProjectConfigurationPlatforms) = postSolution
		{C2751DFF-0981-4A66-A0C8-3C974A3D98CC}.Debug|Any CPU.ActiveCfg = Debug|Any CPU
		{C2751DFF-0981-4A66-A0C8-3C974A3D98CC}.Debug|Any CPU.Build.0 = Debug|Any CPU
		{C2751DFF-0981-4A66-A0C8-3C974A3D98CC}.Release|Any CPU.ActiveCfg = Release|Any CPU
		{C2751DFF-0981-4A66-A0C8-3C974A3D98CC}.Release|Any CPU.Build.0 = Release|Any CPU
		{DFD89256-756C-4C06-B9EC-5FB8046C1B4E}.Debug|Any CPU.ActiveCfg = Debug|Any CPU
		{DFD89256-756C-4C06-B9EC-5FB8046C1B4E}.Debug|Any CPU.Build.0 = Debug|Any CPU
		{DFD89256-756C-4C06-B9EC-5FB8046C1B4E}.Release|Any CPU.ActiveCfg = Release|Any CPU
		{DFD89256-756C-4C06-B9EC-5FB8046C1B4E}.Release|Any CPU.Build.0 = Release|Any CPU
		{0DE7CACC-48E8-4B0D-B496-56DC316AA531}.Debug|Any CPU.ActiveCfg = Debug|Any CPU
		{0DE7CACC-48E8-4B0D-B496-56DC316AA531}.Debug|Any CPU.Build.0 = Debug|Any CPU
		{0DE7CACC-48E8-4B0D-B496-56DC316AA531}.Release|Any CPU.ActiveCfg = Release|Any CPU
		{0DE7CACC-48E8-4B0D-B496-56DC316AA531}.Release|Any CPU.Build.0 = Release|Any CPU
		{C983D6A1-94E6-4AFE-AE89-F00B8CA9A94B}.Debug|Any CPU.ActiveCfg = Debug|Any CPU
		{C983D6A1-94E6-4AFE-AE89-F00B8CA9A94B}.Debug|Any CPU.Build.0 = Debug|Any CPU
		{C983D6A1-94E6-4AFE-AE89-F00B8CA9A94B}.Release|Any CPU.ActiveCfg = Release|Any CPU
		{C983D6A1-94E6-4AFE-AE89-F00B8CA9A94B}.Release|Any CPU.Build.0 = Release|Any CPU
		{7FC6D608-3B03-4295-9FE8-C89EC1AB9972}.Debug|Any CPU.ActiveCfg = Debug|Any CPU
		{7FC6D608-3B03-4295-9FE8-C89EC1AB9972}.Debug|Any CPU.Build.0 = Debug|Any CPU
		{7FC6D608-3B03-4295-9FE8-C89EC1AB9972}.Release|Any CPU.ActiveCfg = Release|Any CPU
		{7FC6D608-3B03-4295-9FE8-C89EC1AB9972}.Release|Any CPU.Build.0 = Release|Any CPU
		{1994E148-33A4-4B28-BF8B-09E9C0E9EACC}.Debug|Any CPU.ActiveCfg = Debug|Any CPU
		{1994E148-33A4-4B28-BF8B-09E9C0E9EACC}.Debug|Any CPU.Build.0 = Debug|Any CPU
		{1994E148-33A4-4B28-BF8B-09E9C0E9EACC}.Release|Any CPU.ActiveCfg = Release|Any CPU
		{1994E148-33A4-4B28-BF8B-09E9C0E9EACC}.Release|Any CPU.Build.0 = Release|Any CPU
		{9740E8EF-0FB3-4851-9C0A-2812F3C83608}.Debug|Any CPU.ActiveCfg = Debug|Any CPU
		{9740E8EF-0FB3-4851-9C0A-2812F3C83608}.Debug|Any CPU.Build.0 = Debug|Any CPU
		{9740E8EF-0FB3-4851-9C0A-2812F3C83608}.Release|Any CPU.ActiveCfg = Release|Any CPU
		{9740E8EF-0FB3-4851-9C0A-2812F3C83608}.Release|Any CPU.Build.0 = Release|Any CPU
		{E0279F41-E0AE-48FF-9F8D-46C35686B826}.Debug|Any CPU.ActiveCfg = Debug|Any CPU
		{E0279F41-E0AE-48FF-9F8D-46C35686B826}.Debug|Any CPU.Build.0 = Debug|Any CPU
		{E0279F41-E0AE-48FF-9F8D-46C35686B826}.Release|Any CPU.ActiveCfg = Release|Any CPU
		{E0279F41-E0AE-48FF-9F8D-46C35686B826}.Release|Any CPU.Build.0 = Release|Any CPU
		{E29F00CE-80A5-495D-B38D-2329D21C40B5}.Debug|Any CPU.ActiveCfg = Debug|Any CPU
		{E29F00CE-80A5-495D-B38D-2329D21C40B5}.Debug|Any CPU.Build.0 = Debug|Any CPU
		{E29F00CE-80A5-495D-B38D-2329D21C40B5}.Release|Any CPU.ActiveCfg = Release|Any CPU
		{E29F00CE-80A5-495D-B38D-2329D21C40B5}.Release|Any CPU.Build.0 = Release|Any CPU
		{A36EC038-4EC0-4730-83FD-47D82B34B127}.Debug|Any CPU.ActiveCfg = Debug|Any CPU
		{A36EC038-4EC0-4730-83FD-47D82B34B127}.Debug|Any CPU.Build.0 = Debug|Any CPU
		{A36EC038-4EC0-4730-83FD-47D82B34B127}.Release|Any CPU.ActiveCfg = Release|Any CPU
		{A36EC038-4EC0-4730-83FD-47D82B34B127}.Release|Any CPU.Build.0 = Release|Any CPU
		{0FBDE413-9B64-4BC4-B058-61A5091EF334}.Debug|Any CPU.ActiveCfg = Debug|Any CPU
		{0FBDE413-9B64-4BC4-B058-61A5091EF334}.Debug|Any CPU.Build.0 = Debug|Any CPU
		{0FBDE413-9B64-4BC4-B058-61A5091EF334}.Release|Any CPU.ActiveCfg = Release|Any CPU
		{0FBDE413-9B64-4BC4-B058-61A5091EF334}.Release|Any CPU.Build.0 = Release|Any CPU
		{04E7A206-FCDA-42E1-9E13-94A7A80D6835}.Debug|Any CPU.ActiveCfg = Debug|Any CPU
		{04E7A206-FCDA-42E1-9E13-94A7A80D6835}.Debug|Any CPU.Build.0 = Debug|Any CPU
		{04E7A206-FCDA-42E1-9E13-94A7A80D6835}.Release|Any CPU.ActiveCfg = Release|Any CPU
		{04E7A206-FCDA-42E1-9E13-94A7A80D6835}.Release|Any CPU.Build.0 = Release|Any CPU
		{73084C77-9232-485A-8C83-20A7CB499F09}.Debug|Any CPU.ActiveCfg = Debug|Any CPU
		{73084C77-9232-485A-8C83-20A7CB499F09}.Debug|Any CPU.Build.0 = Debug|Any CPU
		{73084C77-9232-485A-8C83-20A7CB499F09}.Release|Any CPU.ActiveCfg = Release|Any CPU
		{73084C77-9232-485A-8C83-20A7CB499F09}.Release|Any CPU.Build.0 = Release|Any CPU
		{2695EE40-DC41-4A90-985A-84F93F8E1182}.Debug|Any CPU.ActiveCfg = Debug|Any CPU
		{2695EE40-DC41-4A90-985A-84F93F8E1182}.Debug|Any CPU.Build.0 = Debug|Any CPU
		{2695EE40-DC41-4A90-985A-84F93F8E1182}.Release|Any CPU.ActiveCfg = Release|Any CPU
		{2695EE40-DC41-4A90-985A-84F93F8E1182}.Release|Any CPU.Build.0 = Release|Any CPU
		{0050F925-DCD0-46E6-991E-5EE64BE5726C}.Debug|Any CPU.ActiveCfg = Debug|Any CPU
		{0050F925-DCD0-46E6-991E-5EE64BE5726C}.Debug|Any CPU.Build.0 = Debug|Any CPU
		{0050F925-DCD0-46E6-991E-5EE64BE5726C}.Release|Any CPU.ActiveCfg = Release|Any CPU
		{0050F925-DCD0-46E6-991E-5EE64BE5726C}.Release|Any CPU.Build.0 = Release|Any CPU
		{8521C749-DA4B-4DFF-8124-B1B4FE23C698}.Debug|Any CPU.ActiveCfg = Debug|Any CPU
		{8521C749-DA4B-4DFF-8124-B1B4FE23C698}.Debug|Any CPU.Build.0 = Debug|Any CPU
		{8521C749-DA4B-4DFF-8124-B1B4FE23C698}.Release|Any CPU.ActiveCfg = Release|Any CPU
		{8521C749-DA4B-4DFF-8124-B1B4FE23C698}.Release|Any CPU.Build.0 = Release|Any CPU
		{7A045CD3-C838-4AD9-86CF-21B2D4A3417F}.Debug|Any CPU.ActiveCfg = Debug|Any CPU
		{7A045CD3-C838-4AD9-86CF-21B2D4A3417F}.Debug|Any CPU.Build.0 = Debug|Any CPU
		{7A045CD3-C838-4AD9-86CF-21B2D4A3417F}.Release|Any CPU.ActiveCfg = Release|Any CPU
		{7A045CD3-C838-4AD9-86CF-21B2D4A3417F}.Release|Any CPU.Build.0 = Release|Any CPU
		{498B4EAF-6D48-4178-9107-A6DECF234DF8}.Debug|Any CPU.ActiveCfg = Debug|Any CPU
		{498B4EAF-6D48-4178-9107-A6DECF234DF8}.Debug|Any CPU.Build.0 = Debug|Any CPU
		{498B4EAF-6D48-4178-9107-A6DECF234DF8}.Release|Any CPU.ActiveCfg = Release|Any CPU
		{498B4EAF-6D48-4178-9107-A6DECF234DF8}.Release|Any CPU.Build.0 = Release|Any CPU
		{8F292C46-EE1F-4D24-9DF2-570B687C5C5D}.Debug|Any CPU.ActiveCfg = Debug|Any CPU
		{8F292C46-EE1F-4D24-9DF2-570B687C5C5D}.Debug|Any CPU.Build.0 = Debug|Any CPU
		{8F292C46-EE1F-4D24-9DF2-570B687C5C5D}.Release|Any CPU.ActiveCfg = Release|Any CPU
		{8F292C46-EE1F-4D24-9DF2-570B687C5C5D}.Release|Any CPU.Build.0 = Release|Any CPU
		{2D8EB267-7AB7-4003-A4EE-4DD0A1070018}.Debug|Any CPU.ActiveCfg = Debug|Any CPU
		{2D8EB267-7AB7-4003-A4EE-4DD0A1070018}.Debug|Any CPU.Build.0 = Debug|Any CPU
		{2D8EB267-7AB7-4003-A4EE-4DD0A1070018}.Release|Any CPU.ActiveCfg = Release|Any CPU
		{2D8EB267-7AB7-4003-A4EE-4DD0A1070018}.Release|Any CPU.Build.0 = Release|Any CPU
		{E2375E0D-2045-434F-9023-9A3CB160D15C}.Debug|Any CPU.ActiveCfg = Debug|Any CPU
		{E2375E0D-2045-434F-9023-9A3CB160D15C}.Debug|Any CPU.Build.0 = Debug|Any CPU
		{E2375E0D-2045-434F-9023-9A3CB160D15C}.Release|Any CPU.ActiveCfg = Release|Any CPU
		{E2375E0D-2045-434F-9023-9A3CB160D15C}.Release|Any CPU.Build.0 = Release|Any CPU
		{04C7407A-41AB-49B9-8EE9-24E404277FE5}.Debug|Any CPU.ActiveCfg = Debug|Any CPU
		{04C7407A-41AB-49B9-8EE9-24E404277FE5}.Debug|Any CPU.Build.0 = Debug|Any CPU
		{04C7407A-41AB-49B9-8EE9-24E404277FE5}.Release|Any CPU.ActiveCfg = Release|Any CPU
		{04C7407A-41AB-49B9-8EE9-24E404277FE5}.Release|Any CPU.Build.0 = Release|Any CPU
		{0F9836AB-D46E-4030-A560-7F251407FE2E}.Debug|Any CPU.ActiveCfg = Debug|Any CPU
		{0F9836AB-D46E-4030-A560-7F251407FE2E}.Debug|Any CPU.Build.0 = Debug|Any CPU
		{0F9836AB-D46E-4030-A560-7F251407FE2E}.Release|Any CPU.ActiveCfg = Release|Any CPU
		{0F9836AB-D46E-4030-A560-7F251407FE2E}.Release|Any CPU.Build.0 = Release|Any CPU
		{EDD786B3-16CE-46F4-8533-6225E362F865}.Debug|Any CPU.ActiveCfg = Debug|Any CPU
		{EDD786B3-16CE-46F4-8533-6225E362F865}.Debug|Any CPU.Build.0 = Debug|Any CPU
		{EDD786B3-16CE-46F4-8533-6225E362F865}.Release|Any CPU.ActiveCfg = Release|Any CPU
		{EDD786B3-16CE-46F4-8533-6225E362F865}.Release|Any CPU.Build.0 = Release|Any CPU
	EndGlobalSection
	GlobalSection(SolutionProperties) = preSolution
		HideSolutionNode = FALSE
	EndGlobalSection
	GlobalSection(NestedProjects) = preSolution
		{C2751DFF-0981-4A66-A0C8-3C974A3D98CC} = {36D591C7-65C7-A0D1-1CBC-10CDE441BDC8}
		{DFD89256-756C-4C06-B9EC-5FB8046C1B4E} = {36D591C7-65C7-A0D1-1CBC-10CDE441BDC8}
		{0DE7CACC-48E8-4B0D-B496-56DC316AA531} = {36D591C7-65C7-A0D1-1CBC-10CDE441BDC8}
		{C983D6A1-94E6-4AFE-AE89-F00B8CA9A94B} = {E6D97220-BDA4-4749-8C2D-70537A572CEF}
		{7FC6D608-3B03-4295-9FE8-C89EC1AB9972} = {E6D97220-BDA4-4749-8C2D-70537A572CEF}
		{1994E148-33A4-4B28-BF8B-09E9C0E9EACC} = {E6D97220-BDA4-4749-8C2D-70537A572CEF}
		{9740E8EF-0FB3-4851-9C0A-2812F3C83608} = {D6354025-2DA6-4FA0-8B1F-B8CAD88F70ED}
		{E0279F41-E0AE-48FF-9F8D-46C35686B826} = {D6354025-2DA6-4FA0-8B1F-B8CAD88F70ED}
		{E29F00CE-80A5-495D-B38D-2329D21C40B5} = {D6354025-2DA6-4FA0-8B1F-B8CAD88F70ED}
		{A36EC038-4EC0-4730-83FD-47D82B34B127} = {A820AE36-AF08-4E9A-9090-49A706D17676}
		{0FBDE413-9B64-4BC4-B058-61A5091EF334} = {A820AE36-AF08-4E9A-9090-49A706D17676}
		{04E7A206-FCDA-42E1-9E13-94A7A80D6835} = {A820AE36-AF08-4E9A-9090-49A706D17676}
		{73084C77-9232-485A-8C83-20A7CB499F09} = {DC1751FD-1000-43FF-9ACE-3B4A176C6B5F}
		{2695EE40-DC41-4A90-985A-84F93F8E1182} = {DC1751FD-1000-43FF-9ACE-3B4A176C6B5F}
		{0050F925-DCD0-46E6-991E-5EE64BE5726C} = {DC1751FD-1000-43FF-9ACE-3B4A176C6B5F}
		{8521C749-DA4B-4DFF-8124-B1B4FE23C698} = {E2111092-8C66-40C7-88FF-7220F3581F15}
		{7A045CD3-C838-4AD9-86CF-21B2D4A3417F} = {E2111092-8C66-40C7-88FF-7220F3581F15}
		{498B4EAF-6D48-4178-9107-A6DECF234DF8} = {E2111092-8C66-40C7-88FF-7220F3581F15}
		{8F292C46-EE1F-4D24-9DF2-570B687C5C5D} = {4D2C86A5-0AF9-412B-BC29-164EE6B0B4CC}
		{2D8EB267-7AB7-4003-A4EE-4DD0A1070018} = {4D2C86A5-0AF9-412B-BC29-164EE6B0B4CC}
		{E2375E0D-2045-434F-9023-9A3CB160D15C} = {4D2C86A5-0AF9-412B-BC29-164EE6B0B4CC}
		{04C7407A-41AB-49B9-8EE9-24E404277FE5} = {F93EEF26-0E98-4F29-A504-C6F73CB3348E}
		{0F9836AB-D46E-4030-A560-7F251407FE2E} = {F93EEF26-0E98-4F29-A504-C6F73CB3348E}
		{EDD786B3-16CE-46F4-8533-6225E362F865} = {F93EEF26-0E98-4F29-A504-C6F73CB3348E}
	EndGlobalSection
	GlobalSection(ExtensibilityGlobals) = postSolution
		SolutionGuid = {F8478C0C-12C7-4AD1-B8B9-6613FC85769C}
	EndGlobalSection
EndGlobal
